#MicroXplorer Configuration settings - do not modify
ADC1.Channel-0\#ChannelRegularConversion=ADC_CHANNEL_0
ADC1.ContinuousConvMode=ENABLE
ADC1.IPParameters=Rank-0\#ChannelRegularConversion,master,Channel-0\#ChannelRegularConversion,SamplingTime-0\#ChannelRegularConversion,NbrOfConversionFlag,NbrOfConversion,ContinuousConvMode
ADC1.NbrOfConversion=1
ADC1.NbrOfConversionFlag=1
ADC1.Rank-0\#ChannelRegularConversion=1
ADC1.SamplingTime-0\#ChannelRegularConversion=ADC_SAMPLETIME_1CYCLE_5
ADC1.master=1
Dma.ADC1.3.Direction=DMA_PERIPH_TO_MEMORY
Dma.ADC1.3.Instance=DMA1_Channel1
Dma.ADC1.3.MemDataAlignment=DMA_MDATAALIGN_HALFWORD
Dma.ADC1.3.MemInc=DMA_MINC_ENABLE
Dma.ADC1.3.Mode=DMA_CIRCULAR
Dma.ADC1.3.PeriphDataAlignment=DMA_PDATAALIGN_HALFWORD
Dma.ADC1.3.PeriphInc=DMA_PINC_DISABLE
Dma.ADC1.3.Priority=DMA_PRIORITY_LOW
Dma.ADC1.3.RequestParameters=Instance,Direction,PeriphInc,MemInc,PeriphDataAlignment,MemDataAlignment,Mode,Priority
Dma.Request0=USART2_RX
Dma.Request1=USART3_RX
Dma.Request2=USART3_TX
Dma.Request3=ADC1
Dma.RequestsNb=4
Dma.USART2_RX.0.Direction=DMA_PERIPH_TO_MEMORY
Dma.USART2_RX.0.Instance=DMA1_Channel6
Dma.USART2_RX.0.MemDataAlignment=DMA_MDATAALIGN_BYTE
Dma.USART2_RX.0.MemInc=DMA_MINC_ENABLE
Dma.USART2_RX.0.Mode=DMA_CIRCULAR
Dma.USART2_RX.0.PeriphDataAlignment=DMA_PDATAALIGN_BYTE
Dma.USART2_RX.0.PeriphInc=DMA_PINC_DISABLE
Dma.USART2_RX.0.Priority=DMA_PRIORITY_LOW
Dma.USART2_RX.0.RequestParameters=Instance,Direction,PeriphInc,MemInc,PeriphDataAlignment,MemDataAlignment,Mode,Priority
Dma.USART3_RX.1.Direction=DMA_PERIPH_TO_MEMORY
Dma.USART3_RX.1.Instance=DMA1_Channel3
Dma.USART3_RX.1.MemDataAlignment=DMA_MDATAALIGN_BYTE
Dma.USART3_RX.1.MemInc=DMA_MINC_ENABLE
Dma.USART3_RX.1.Mode=DMA_CIRCULAR
Dma.USART3_RX.1.PeriphDataAlignment=DMA_PDATAALIGN_BYTE
Dma.USART3_RX.1.PeriphInc=DMA_PINC_DISABLE
Dma.USART3_RX.1.Priority=DMA_PRIORITY_LOW
Dma.USART3_RX.1.RequestParameters=Instance,Direction,PeriphInc,MemInc,PeriphDataAlignment,MemDataAlignment,Mode,Priority
Dma.USART3_TX.2.Direction=DMA_MEMORY_TO_PERIPH
Dma.USART3_TX.2.Instance=DMA1_Channel2
Dma.USART3_TX.2.MemDataAlignment=DMA_MDATAALIGN_BYTE
Dma.USART3_TX.2.MemInc=DMA_MINC_ENABLE
Dma.USART3_TX.2.Mode=DMA_CIRCULAR
Dma.USART3_TX.2.PeriphDataAlignment=DMA_PDATAALIGN_BYTE
Dma.USART3_TX.2.PeriphInc=DMA_PINC_DISABLE
Dma.USART3_TX.2.Priority=DMA_PRIORITY_LOW
Dma.USART3_TX.2.RequestParameters=Instance,Direction,PeriphInc,MemInc,PeriphDataAlignment,MemDataAlignment,Mode,Priority
File.Version=6
KeepUserPlacement=false
Mcu.Family=STM32F3
Mcu.IP0=ADC1
Mcu.IP1=DMA
Mcu.IP10=TIM6
Mcu.IP11=USART2
Mcu.IP12=USART3
Mcu.IP2=I2C2
Mcu.IP3=NVIC
Mcu.IP4=RCC
Mcu.IP5=RTC
Mcu.IP6=SDADC2
Mcu.IP7=SPI1
Mcu.IP8=SPI2
Mcu.IP9=SYS
Mcu.IPNb=13
Mcu.Name=STM32F373V(8-B-C)Tx
Mcu.Package=LQFP100
Mcu.Pin0=PE3
Mcu.Pin1=PE4
Mcu.Pin10=PC1
Mcu.Pin11=PF2
Mcu.Pin12=PA0
Mcu.Pin13=PA5
Mcu.Pin14=PA7
Mcu.Pin15=PC4
Mcu.Pin16=PB1
Mcu.Pin17=PE7
Mcu.Pin18=PE14
Mcu.Pin19=PE15
Mcu.Pin2=PE6
Mcu.Pin20=PB10
Mcu.Pin21=PB14
Mcu.Pin22=PB15
Mcu.Pin23=PD8
Mcu.Pin24=PD11
Mcu.Pin25=PD12
Mcu.Pin26=PC6
Mcu.Pin27=PC8
Mcu.Pin28=PA8
Mcu.Pin29=PA9
Mcu.Pin3=PC14-OSC32_IN
Mcu.Pin30=PA10
Mcu.Pin31=PA11
Mcu.Pin32=PA12
Mcu.Pin33=PF6
Mcu.Pin34=PA15
Mcu.Pin35=PC10
Mcu.Pin36=PC11
Mcu.Pin37=PC12
Mcu.Pin38=PD0
Mcu.Pin39=PD1
Mcu.Pin4=PC15-OSC32_OUT
Mcu.Pin40=PD2
Mcu.Pin41=PD3
Mcu.Pin42=PD4
Mcu.Pin43=PD5
Mcu.Pin44=PD6
Mcu.Pin45=PD7
Mcu.Pin46=PB3
Mcu.Pin47=PB5
Mcu.Pin48=PB6
Mcu.Pin49=PB7
Mcu.Pin5=PF9
Mcu.Pin50=PB8
Mcu.Pin51=PB9
Mcu.Pin52=PE0
Mcu.Pin53=VP_RTC_VS_RTC_Activate
Mcu.Pin54=VP_RTC_VS_RTC_Calendar
Mcu.Pin55=VP_SDADC2_CONF0
Mcu.Pin56=VP_SYS_VS_Systick
Mcu.Pin57=VP_TIM6_VS_ClockSourceINT
Mcu.Pin6=PF10
Mcu.Pin7=PF0-OSC_IN
Mcu.Pin8=PF1-OSC_OUT
Mcu.Pin9=PC0
Mcu.PinsNb=58
Mcu.ThirdPartyNb=0
Mcu.UserConstants=
Mcu.UserName=STM32F373VBTx
MxCube.Version=5.4.0
MxDb.Version=DB.5.0.40
NVIC.BusFault_IRQn=true\:0\:0\:false\:false\:true\:false\:false
NVIC.DMA1_Channel1_IRQn=true\:0\:0\:false\:false\:true\:false\:true
NVIC.DMA1_Channel2_IRQn=true\:0\:0\:false\:false\:true\:false\:true
NVIC.DMA1_Channel3_IRQn=true\:0\:0\:false\:false\:true\:false\:true
NVIC.DMA1_Channel6_IRQn=true\:0\:0\:false\:false\:true\:false\:true
NVIC.DebugMonitor_IRQn=true\:0\:0\:false\:false\:true\:false\:false
NVIC.EXTI15_10_IRQn=true\:0\:0\:false\:false\:true\:true\:true
NVIC.EXTI2_TSC_IRQn=true\:0\:0\:false\:false\:true\:true\:true
NVIC.EXTI9_5_IRQn=true\:0\:0\:false\:false\:true\:true\:true
NVIC.ForceEnableDMAVector=true
NVIC.HardFault_IRQn=true\:0\:0\:false\:false\:true\:false\:false
NVIC.MemoryManagement_IRQn=true\:0\:0\:false\:false\:true\:false\:false
NVIC.NonMaskableInt_IRQn=true\:0\:0\:false\:false\:true\:false\:false
NVIC.PendSV_IRQn=true\:0\:0\:false\:false\:true\:false\:false
NVIC.PriorityGroup=NVIC_PRIORITYGROUP_4
NVIC.SDADC2_IRQn=true\:0\:0\:false\:false\:true\:true\:true
NVIC.SVCall_IRQn=true\:0\:0\:false\:false\:true\:false\:false
NVIC.SysTick_IRQn=true\:0\:0\:false\:false\:true\:false\:true
NVIC.USART2_IRQn=true\:0\:0\:false\:false\:true\:true\:true
NVIC.USART3_IRQn=true\:0\:0\:false\:false\:true\:true\:true
NVIC.UsageFault_IRQn=true\:0\:0\:false\:false\:true\:false\:false
PA0.GPIOParameters=GPIO_Label
PA0.GPIO_Label=BAT_LEV
PA0.Locked=true
PA0.Mode=IN0
PA0.Signal=ADC1_IN0
PA10.Locked=true
PA10.Mode=I2C
PA10.Signal=I2C2_SDA
PA11.GPIOParameters=GPIO_Label
PA11.GPIO_Label=LCD_CS
PA11.Locked=true
PA11.Signal=GPIO_Output
PA12.Locked=true
PA12.Mode=Full_Duplex_Master
PA12.Signal=SPI1_SCK
PA15.GPIOParameters=GPIO_Label
PA15.GPIO_Label=TFT_ON
PA15.Locked=true
PA15.Signal=GPIO_Output
PA5.GPIOParameters=GPIO_Label
PA5.GPIO_Label=BEEPER
PA5.Locked=true
PA5.Signal=GPIO_Output
PA7.GPIOParameters=GPIO_Label
PA7.GPIO_Label=LED2_FLT
PA7.Locked=true
PA7.Signal=GPIO_Input
PA8.GPIOParameters=GPIO_Label
PA8.GPIO_Label=TP_INT1
PA8.Locked=true
PA8.Signal=GPXTI8
PA9.Locked=true
PA9.Mode=I2C
PA9.Signal=I2C2_SCL
PB1.GPIOParameters=GPIO_Label
PB1.GPIO_Label=LED3
PB1.Locked=true
PB1.Signal=GPIO_Output
PB10.Locked=true
PB10.Mode=Full_Duplex_Master
PB10.Signal=SPI2_SCK
PB14.Locked=true
PB14.Mode=Full_Duplex_Master
PB14.Signal=SPI2_MISO
PB15.Locked=true
PB15.Mode=Full_Duplex_Master
PB15.Signal=SPI2_MOSI
PB3.GPIOParameters=GPIO_Speed,PinState,GPIO_Label
PB3.GPIO_Label=LED1
PB3.GPIO_Speed=GPIO_SPEED_FREQ_HIGH
PB3.Locked=true
PB3.PinState=GPIO_PIN_RESET
PB3.Signal=GPIO_Output
PB5.GPIOParameters=GPIO_Speed,GPIO_Label
PB5.GPIO_Label=SPEC_START
PB5.GPIO_Speed=GPIO_SPEED_FREQ_HIGH
PB5.Locked=true
PB5.Signal=GPIO_Output
PB6.GPIOParameters=GPIO_Speed,GPIO_FM6,GPIO_Label
PB6.GPIO_FM6=SYSCFG_CFGR1_I2C_PB6_FMP
PB6.GPIO_Label=SPEC_CLK
PB6.GPIO_Speed=GPIO_SPEED_FREQ_HIGH
PB6.Locked=true
PB6.Signal=GPIO_Output
PB7.GPIOParameters=GPIO_Speed,GPIO_Label,GPIO_FM7
PB7.GPIO_FM7=SYSCFG_CFGR1_I2C_PB7_FMP
PB7.GPIO_Label=SPEC_EOS
PB7.GPIO_Speed=GPIO_SPEED_FREQ_HIGH
PB7.Locked=true
PB7.Signal=GPIO_Output
PB8.Locked=true
PB8.Mode=Asynchronous
PB8.Signal=USART3_TX
PB9.Locked=true
PB9.Mode=Asynchronous
PB9.Signal=USART3_RX
PC0.GPIOParameters=GPIO_Label
PC0.GPIO_Label=LEDR
PC0.Locked=true
PC0.Signal=GPIO_Output
PC1.GPIOParameters=GPIO_Label
PC1.GPIO_Label=LEDG
PC1.Locked=true
PC1.Signal=GPIO_Output
PC10.GPIOParameters=GPIO_Label
PC10.GPIO_Label=LED1_FLT
PC10.Locked=true
PC10.Signal=GPIO_Input
PC11.GPIOParameters=GPIO_Speed,PinState,GPIO_PuPd,GPIO_Label,GPIO_ModeDefaultOutputPP
PC11.GPIO_Label=BR_FLASH
PC11.GPIO_ModeDefaultOutputPP=GPIO_MODE_OUTPUT_PP
PC11.GPIO_PuPd=GPIO_NOPULL
PC11.GPIO_Speed=GPIO_SPEED_FREQ_LOW
PC11.Locked=true
PC11.PinState=GPIO_PIN_RESET
PC11.Signal=GPIO_Output
PC12.GPIOParameters=GPIO_PuPd,GPIO_Label,GPIO_Mode
PC12.GPIO_Label=BR_PWR
PC12.GPIO_Mode=GPIO_MODE_INPUT
PC12.GPIO_PuPd=GPIO_NOPULL
PC12.Locked=true
PC12.Signal=GPIO_Input
PC14-OSC32_IN.Mode=LSE-External-Oscillator
PC14-OSC32_IN.Signal=RCC_OSC32_IN
PC15-OSC32_OUT.Mode=LSE-External-Oscillator
PC15-OSC32_OUT.Signal=RCC_OSC32_OUT
PC4.GPIOParameters=GPIO_Label
PC4.GPIO_Label=LED3_FLT
PC4.Locked=true
PC4.Signal=GPIO_Input
PC6.GPIOParameters=GPIO_Label
PC6.GPIO_Label=FLASH_CS
PC6.Locked=true
PC6.Signal=GPIO_Output
PC8.Locked=true
PC8.Mode=Full_Duplex_Master
PC8.Signal=SPI1_MISO
PD0.GPIOParameters=GPIO_PuPd,GPIO_Label,GPIO_Mode
PD0.GPIO_Label=BR_BPR
PD0.GPIO_Mode=GPIO_MODE_INPUT
PD0.GPIO_PuPd=GPIO_NOPULL
PD0.Locked=true
PD0.Signal=GPIO_Input
PD1.GPIOParameters=GPIO_PuPd,GPIO_Label,GPIO_Mode
PD1.GPIO_Label=BR_DLED
PD1.GPIO_Mode=GPIO_MODE_INPUT
PD1.GPIO_PuPd=GPIO_NOPULL
PD1.Locked=true
PD1.Signal=GPIO_Input
PD11.Locked=true
PD11.Mode=CTS_RTS
PD11.Signal=USART3_CTS
PD12.Locked=true
PD12.Mode=CTS_RTS
PD12.Signal=USART3_RTS
PD2.GPIOParameters=GPIO_Speed,PinState,GPIO_PuPd,GPIO_Label,GPIO_ModeDefaultOutputPP
PD2.GPIO_Label=BR_WAKE
PD2.GPIO_ModeDefaultOutputPP=GPIO_MODE_OUTPUT_PP
PD2.GPIO_PuPd=GPIO_NOPULL
PD2.GPIO_Speed=GPIO_SPEED_FREQ_LOW
PD2.Locked=true
PD2.PinState=GPIO_PIN_RESET
PD2.Signal=GPIO_Output
PD3.Locked=true
PD3.Mode=CTS_RTS
PD3.Signal=USART2_CTS
PD4.Locked=true
PD4.Mode=CTS_RTS
PD4.Signal=USART2_RTS
PD5.Locked=true
PD5.Mode=Asynchronous
PD5.Signal=USART2_TX
PD6.Locked=true
PD6.Mode=Asynchronous
PD6.Signal=USART2_RX
PD7.GPIOParameters=GPIO_Speed,PinState,GPIO_PuPd,GPIO_Label,GPIO_ModeDefaultOutputPP
PD7.GPIO_Label=BR_TRIG
PD7.GPIO_ModeDefaultOutputPP=GPIO_MODE_OUTPUT_PP
PD7.GPIO_PuPd=GPIO_NOPULL
PD7.GPIO_Speed=GPIO_SPEED_FREQ_LOW
PD7.Locked=true
PD7.PinState=GPIO_PIN_RESET
PD7.Signal=GPIO_Output
PD8.GPIOParameters=GPIO_Label
PD8.GPIO_Label=LED2
PD8.Locked=true
PD8.Signal=GPIO_Output
PE0.GPIOParameters=GPIO_Speed,GPIO_Label
PE0.GPIO_Label=SPEC_GAIN
PE0.GPIO_Speed=GPIO_SPEED_FREQ_LOW
PE0.Locked=true
PE0.Signal=GPIO_Output
PE14.GPIOParameters=GPIO_Label
PE14.GPIO_Label=LCD_DC
PE14.Locked=true
PE14.Signal=GPIO_Output
PE15.GPIOParameters=GPIO_Label
PE15.GPIO_Label=LCD_RST
PE15.Locked=true
PE15.Signal=GPIO_Output
PE3.GPIOParameters=GPIO_Label
PE3.GPIO_Label=STANDBY
PE3.Locked=true
PE3.Signal=GPIO_Input
PE4.GPIOParameters=GPIO_Label
PE4.GPIO_Label=CHARGE
PE4.Locked=true
PE4.Signal=GPIO_Input
PE6.GPIOParameters=GPIO_Label
PE6.GPIO_Label=PB_OUT
PE6.Locked=true
PE6.Signal=GPIO_Input
PE7.GPIOParameters=GPIO_PuPd,GPIO_Label,GPIO_Mode
PE7.GPIO_Label=VIDEO
PE7.GPIO_Mode=GPIO_MODE_ANALOG
PE7.GPIO_PuPd=GPIO_NOPULL
PE7.Locked=true
PE7.Mode=IN5-Single-Ended zero reference
PE7.Signal=SDADC2_AIN5P
PF0-OSC_IN.Mode=HSE-External-Oscillator
PF0-OSC_IN.Signal=RCC_OSC_IN
PF1-OSC_OUT.Mode=HSE-External-Oscillator
PF1-OSC_OUT.Signal=RCC_OSC_OUT
PF10.GPIOParameters=GPIO_Label
PF10.GPIO_Label=OPTC_SENS
PF10.Locked=true
PF10.Signal=GPXTI10
PF2.GPIOParameters=GPIO_Label
PF2.GPIO_Label=BUTTON
PF2.Locked=true
PF2.Signal=GPXTI2
PF6.Locked=true
PF6.Mode=Full_Duplex_Master
PF6.Signal=SPI1_MOSI
PF9.GPIOParameters=GPIO_Label
PF9.GPIO_Label=PS_HOLD
PF9.Locked=true
PF9.Signal=GPIO_Output
PinOutPanel.RotationAngle=0
ProjectManager.AskForMigrate=false
ProjectManager.BackupPrevious=false
ProjectManager.CompilerOptimize=6
ProjectManager.ComputerToolchain=false
ProjectManager.CoupleFile=true
ProjectManager.CustomerFirmwarePackage=
ProjectManager.DefaultFWLocation=true
ProjectManager.DeletePrevious=true
ProjectManager.DeviceId=STM32F373VBTx
ProjectManager.FirmwarePackage=STM32Cube FW_F3 V1.11.0
ProjectManager.FreePins=true
ProjectManager.HalAssertFull=false
ProjectManager.HeapSize=0x200
ProjectManager.KeepUserCode=true
ProjectManager.LastFirmware=true
ProjectManager.LibraryCopy=0
ProjectManager.MainLocation=Core/Src
ProjectManager.NoMain=false
ProjectManager.PreviousToolchain=
ProjectManager.ProjectBuild=false
ProjectManager.ProjectFileName=BilirubinmeterV2.ioc
ProjectManager.ProjectName=BilirubinmeterV2
ProjectManager.RegisterCallBack=
ProjectManager.StackSize=0x400
ProjectManager.TargetToolchain=MDK-ARM V5
ProjectManager.ToolChainLocation=
ProjectManager.UnderRoot=false
ProjectManager.functionlistsort=1-MX_GPIO_Init-GPIO-false-HAL-true,2-MX_DMA_Init-DMA-false-HAL-true,3-SystemClock_Config-RCC-false-HAL-false,4-MX_ADC1_Init-ADC1-false-HAL-true,5-MX_I2C2_Init-I2C2-false-HAL-true,6-MX_SDADC2_Init-SDADC2-false-HAL-true,7-MX_SPI1_Init-SPI1-false-HAL-true,8-MX_SPI2_Init-SPI2-false-HAL-true,9-MX_USART2_UART_Init-USART2-false-HAL-true,10-MX_USART3_UART_Init-USART3-false-HAL-true,11-MX_RTC_Init-RTC-false-HAL-true,12-MX_TIM6_Init-TIM6-false-HAL-true
RCC.ADCoutputFreq_Value=36000000
RCC.AHBFreq_Value=72000000
RCC.APB1CLKDivider=RCC_HCLK_DIV2
RCC.APB1Freq_Value=36000000
RCC.APB1TimFreq_Value=72000000
RCC.APB2Freq_Value=72000000
RCC.APB2TimFreq_Value=72000000
RCC.CECFreq_Value=32786.88524590164
RCC.CortexFreq_Value=72000000
RCC.FCLKCortexFreq_Value=72000000
RCC.FamilyName=M
RCC.HCLKFreq_Value=72000000
RCC.HSEPLLFreq_Value=8000000
RCC.HSE_VALUE=8000000
RCC.HSICECFreq_Value=32786.88524590164
RCC.HSIPLLFreq_Value=4000000
RCC.HSI_VALUE=8000000
RCC.I2C1Freq_Value=8000000
RCC.I2CFreq_Value=8000000
RCC.IPParameters=ADCoutputFreq_Value,AHBFreq_Value,APB1CLKDivider,APB1Freq_Value,APB1TimFreq_Value,APB2Freq_Value,APB2TimFreq_Value,CECFreq_Value,CortexFreq_Value,FCLKCortexFreq_Value,FamilyName,HCLKFreq_Value,HSEPLLFreq_Value,HSE_VALUE,HSICECFreq_Value,HSIPLLFreq_Value,HSI_VALUE,I2C1Freq_Value,I2CFreq_Value,LSI_VALUE,MCOFreq_Value,PLLCLKFreq_Value,PLLMCOFreq_Value,PLLMUL,PLLSourceVirtual,PWRFreq_Value,RTCClockSelection,RTCFreq_Value,RTCHSEDivFreq_Value,SDADCPresc,SDADCoutputFreq_Value,SYSCLKFreq_VALUE,SYSCLKSource,TIM2Freq_Value,USART1Freq_Value,USART2Freq_Value,USART3Freq_Value,USBFreq_Value,VCOOutput2Freq_Value
RCC.LSI_VALUE=40000
RCC.MCOFreq_Value=72000000
RCC.PLLCLKFreq_Value=72000000
RCC.PLLMCOFreq_Value=36000000
RCC.PLLMUL=RCC_PLL_MUL9
RCC.PLLSourceVirtual=RCC_PLLSOURCE_HSE
RCC.PWRFreq_Value=72000000
RCC.RTCClockSelection=RCC_RTCCLKSOURCE_LSE
RCC.RTCFreq_Value=32768
RCC.RTCHSEDivFreq_Value=250000
RCC.SDADCPresc=RCC_SDADCSYSCLK_DIV12
RCC.SDADCoutputFreq_Value=6000000
RCC.SYSCLKFreq_VALUE=72000000
RCC.SYSCLKSource=RCC_SYSCLKSOURCE_PLLCLK
RCC.TIM2Freq_Value=72000000
RCC.USART1Freq_Value=72000000
RCC.USART2Freq_Value=36000000
RCC.USART3Freq_Value=36000000
RCC.USBFreq_Value=72000000
RCC.VCOOutput2Freq_Value=8000000
RTC.Format=RTC_FORMAT_BIN
RTC.Hours=14
RTC.IPParameters=Format,Hours,Minutes,Month,WeekDay,Year
RTC.Minutes=20
RTC.Month=RTC_MONTH_APRIL
RTC.WeekDay=RTC_WEEKDAY_FRIDAY
RTC.Year=20
SDADC2.EnableInjectedConversion=ENABLE
SDADC2.IPParameters=NbrOfConversionFlag,InputMode0,EnableInjectedConversion,InjectedRank-1\#ChannelInjectedConversion,InjectedChannel-1\#ChannelInjectedConversion,InjectedConfIndex-1\#ChannelInjectedConversion,InjNumberOfConversion,InjectedChannelsSelection,InjectedContinuousMode
SDADC2.InjNumberOfConversion=1
SDADC2.InjectedChannel-1\#ChannelInjectedConversion=SDADC_CHANNEL_5
SDADC2.InjectedChannelsSelection=SDADC_CHANNEL_5
SDADC2.InjectedConfIndex-1\#ChannelInjectedConversion=SDADC_CONF_INDEX_0
SDADC2.InjectedContinuousMode=SDADC_CONTINUOUS_CONV_ON
SDADC2.InjectedRank-1\#ChannelInjectedConversion=1
SDADC2.InputMode0=SDADC_INPUT_MODE_SE_ZERO_REFERENCE
SDADC2.NbrOfConversionFlag=1
SH.GPXTI10.0=GPIO_EXTI10
SH.GPXTI10.ConfNb=1
SH.GPXTI2.0=GPIO_EXTI2
SH.GPXTI2.ConfNb=1
SH.GPXTI8.0=GPIO_EXTI8
SH.GPXTI8.ConfNb=1
SPI1.BaudRatePrescaler=SPI_BAUDRATEPRESCALER_4
SPI1.CalculateBaudRate=18.0 MBits/s
SPI1.DataSize=SPI_DATASIZE_8BIT
SPI1.Direction=SPI_DIRECTION_2LINES
SPI1.IPParameters=VirtualType,Mode,Direction,BaudRatePrescaler,CalculateBaudRate,DataSize
SPI1.Mode=SPI_MODE_MASTER
SPI1.VirtualType=VM_MASTER
SPI2.CalculateBaudRate=18.0 MBits/s
SPI2.DataSize=SPI_DATASIZE_8BIT
SPI2.Direction=SPI_DIRECTION_2LINES
SPI2.IPParameters=VirtualType,Mode,Direction,CalculateBaudRate,DataSize
SPI2.Mode=SPI_MODE_MASTER
SPI2.VirtualType=VM_MASTER
TIM6.IPParameters=Prescaler,Period
TIM6.Period=10000
TIM6.Prescaler=14400
USART2.BaudRate=9600
USART2.IPParameters=VirtualMode-Asynchronous,BaudRate
USART2.VirtualMode-Asynchronous=VM_ASYNC
USART3.IPParameters=VirtualMode-Asynchronous
USART3.VirtualMode-Asynchronous=VM_ASYNC
VP_RTC_VS_RTC_Activate.Mode=RTC_Enabled
VP_RTC_VS_RTC_Activate.Signal=RTC_VS_RTC_Activate
VP_RTC_VS_RTC_Calendar.Mode=RTC_Calendar
VP_RTC_VS_RTC_Calendar.Signal=RTC_VS_RTC_Calendar
VP_SDADC2_CONF0.Mode=ConfigZero
VP_SDADC2_CONF0.Signal=SDADC2_CONF0
VP_SYS_VS_Systick.Mode=SysTick
VP_SYS_VS_Systick.Signal=SYS_VS_Systick
VP_TIM6_VS_ClockSourceINT.Mode=Enable_Timer
VP_TIM6_VS_ClockSourceINT.Signal=TIM6_VS_ClockSourceINT
board=custom
